#MicroXplorer Configuration settings - do not modify
CORTEX_M7.ART_ACCLERATOR_ENABLE=1
CORTEX_M7.CPU_DCache=Enabled
CORTEX_M7.CPU_ICache=Enabled
CORTEX_M7.IPParameters=ART_ACCLERATOR_ENABLE,CPU_DCache,CPU_ICache
File.Version=6
KeepUserPlacement=false
Mcu.Family=STM32F7
Mcu.IP0=CORTEX_M7
Mcu.IP1=CRC
Mcu.IP2=NVIC
Mcu.IP3=RCC
Mcu.IP4=SYS
Mcu.IP5=USART1
Mcu.IPNb=6
Mcu.Name=STM32F746NGHx
Mcu.Package=TFBGA216
Mcu.Pin0=PA14
Mcu.Pin1=PA13
Mcu.Pin2=PB7
Mcu.Pin3=PA9
Mcu.Pin4=VP_CRC_VS_CRC
Mcu.Pin5=VP_SYS_VS_Systick
Mcu.Pin6=VP_STMicroelectronics.X-CUBE-AI_VS_ArtificialOoIntelligenceJjXAaCUBEAaAI_3.4.0
Mcu.Pin7=VP_STMicroelectronics.X-CUBE-AI_VS_ArtificialOoIntelligenceJjApplication_3.4.0
Mcu.PinsNb=8
Mcu.ThirdParty0=STMicroelectronics.X-CUBE-AI.3.3.0
Mcu.ThirdParty1=STMicroelectronics.X-CUBE-AI.3.4.0
Mcu.ThirdPartyNb=2
Mcu.UserConstants=
Mcu.UserName=STM32F746NGHx
MxCube.Version=5.1.0
MxDb.Version=DB.5.0.10
NVIC.BusFault_IRQn=true\:0\:0\:false\:false\:true\:false\:false
NVIC.DebugMonitor_IRQn=true\:0\:0\:false\:false\:true\:false\:false
NVIC.HardFault_IRQn=true\:0\:0\:false\:false\:true\:false\:false
NVIC.MemoryManagement_IRQn=true\:0\:0\:false\:false\:true\:false\:false
NVIC.NonMaskableInt_IRQn=true\:0\:0\:false\:false\:true\:false\:false
NVIC.PendSV_IRQn=true\:0\:0\:false\:false\:true\:false\:false
NVIC.PriorityGroup=NVIC_PRIORITYGROUP_4
NVIC.SVCall_IRQn=true\:0\:0\:false\:false\:true\:false\:false
NVIC.SysTick_IRQn=true\:0\:0\:false\:false\:true\:false\:true
NVIC.UsageFault_IRQn=true\:0\:0\:false\:false\:true\:false\:false
PA13.Mode=Serial_Wire
PA13.Signal=SYS_JTMS-SWDIO
PA14.Mode=Serial_Wire
PA14.Signal=SYS_JTCK-SWCLK
PA9.Locked=true
PA9.Mode=Asynchronous
PA9.Signal=USART1_TX
PB7.Locked=true
PB7.Mode=Asynchronous
PB7.Signal=USART1_RX
PCC.Checker=false
PCC.Line=STM32F7x6
PCC.MCU=STM32F746NGHx
PCC.PartNumber=STM32F746NGHx
PCC.Seq0=0
PCC.Series=STM32F7
PCC.Temperature=25
PCC.Vdd=3.3
PinOutPanel.CurrentBGAView=Top
PinOutPanel.RotationAngle=0
ProjectManager.AskForMigrate=true
ProjectManager.BackupPrevious=true
ProjectManager.CompilerOptimize=6
ProjectManager.ComputerToolchain=false
ProjectManager.CoupleFile=true
ProjectManager.CustomerFirmwarePackage=
ProjectManager.DefaultFWLocation=true
ProjectManager.DeletePrevious=true
ProjectManager.DeviceId=STM32F746NGHx
ProjectManager.FirmwarePackage=STM32Cube FW_F7 V1.15.0
ProjectManager.FreePins=false
ProjectManager.HalAssertFull=false
ProjectManager.HeapSize=0x2000
ProjectManager.KeepUserCode=true
ProjectManager.LastFirmware=true
ProjectManager.LibraryCopy=1
ProjectManager.MainLocation=Src
ProjectManager.NoMain=false
ProjectManager.PreviousToolchain=SW4STM32
ProjectManager.ProjectBuild=false
ProjectManager.ProjectFileName=STM32F7-DISCO-AI.ioc
ProjectManager.ProjectName=STM32F7-DISCO-AI
ProjectManager.StackSize=0x400
ProjectManager.TargetToolchain=SW4STM32
ProjectManager.ToolChainLocation=
ProjectManager.UnderRoot=true
ProjectManager.functionlistsort=1-MX_GPIO_Init-GPIO-false-HAL-true,2-MX_CORTEX_M7_Init-CORTEX_M7-false-HAL-true,3-MX_CRC_Init-CRC-false-HAL-true,4-SystemClock_Config-RCC-false-HAL-false,5-MX_USART1_UART_Init-USART1-true-HAL-false,6-MX_X_CUBE_AI_Init-STMicroelectronics.X-CUBE-AI.3.4.0-false-HAL-true,7-MX_X_CUBE_AI_Process-STMicroelectronics.X-CUBE-AI.3.4.0-false-HAL-true
RCC.AHBFreq_Value=216000000
RCC.APB1CLKDivider=RCC_HCLK_DIV4
RCC.APB1Freq_Value=54000000
RCC.APB1TimFreq_Value=108000000
RCC.APB2CLKDivider=RCC_HCLK_DIV2
RCC.APB2Freq_Value=108000000
RCC.APB2TimFreq_Value=216000000
RCC.CECFreq_Value=32786.88524590164
RCC.CortexFreq_Value=216000000
RCC.EthernetFreq_Value=216000000
RCC.FCLKCortexFreq_Value=216000000
RCC.FamilyName=M
RCC.HCLKFreq_Value=216000000
RCC.HSE_VALUE=25000000
RCC.HSI_VALUE=16000000
RCC.I2C1Freq_Value=54000000
RCC.I2C2Freq_Value=54000000
RCC.I2C3Freq_Value=54000000
RCC.I2C4Freq_Value=54000000
RCC.I2SFreq_Value=192000000
RCC.IPParameters=AHBFreq_Value,APB1CLKDivider,APB1Freq_Value,APB1TimFreq_Value,APB2CLKDivider,APB2Freq_Value,APB2TimFreq_Value,CECFreq_Value,CortexFreq_Value,EthernetFreq_Value,FCLKCortexFreq_Value,FamilyName,HCLKFreq_Value,HSE_VALUE,HSI_VALUE,I2C1Freq_Value,I2C2Freq_Value,I2C3Freq_Value,I2C4Freq_Value,I2SFreq_Value,LCDTFToutputFreq_Value,LPTIM1Freq_Value,LSE_VALUE,LSI_VALUE,MCO2PinFreq_Value,PLLCLKFreq_Value,PLLI2SPCLKFreq_Value,PLLI2SQCLKFreq_Value,PLLI2SRCLKFreq_Value,PLLI2SRoutputFreq_Value,PLLM,PLLN,PLLQCLKFreq_Value,PLLQoutputFreq_Value,PLLSAIPCLKFreq_Value,PLLSAIQCLKFreq_Value,PLLSAIRCLKFreq_Value,PLLSAIoutputFreq_Value,RNGFreq_Value,SAI1Freq_Value,SAI2Freq_Value,SDMMCFreq_Value,SPDIFRXFreq_Value,SYSCLKFreq_VALUE,SYSCLKSource,UART4Freq_Value,UART5Freq_Value,UART7Freq_Value,UART8Freq_Value,USART1Freq_Value,USART2Freq_Value,USART3Freq_Value,USART6Freq_Value,USBFreq_Value,VCOI2SOutputFreq_Value,VCOInputFreq_Value,VCOOutputFreq_Value,VCOSAIOutputFreq_Value
RCC.LCDTFToutputFreq_Value=96000000
RCC.LPTIM1Freq_Value=54000000
RCC.LSE_VALUE=32768
RCC.LSI_VALUE=32000
RCC.MCO2PinFreq_Value=216000000
RCC.PLLCLKFreq_Value=216000000
RCC.PLLI2SPCLKFreq_Value=192000000
RCC.PLLI2SQCLKFreq_Value=192000000
RCC.PLLI2SRCLKFreq_Value=192000000
RCC.PLLI2SRoutputFreq_Value=192000000
RCC.PLLM=8
RCC.PLLN=216
RCC.PLLQCLKFreq_Value=216000000
RCC.PLLQoutputFreq_Value=216000000
RCC.PLLSAIPCLKFreq_Value=192000000
RCC.PLLSAIQCLKFreq_Value=192000000
RCC.PLLSAIRCLKFreq_Value=192000000
RCC.PLLSAIoutputFreq_Value=192000000
RCC.RNGFreq_Value=216000000
RCC.SAI1Freq_Value=192000000
RCC.SAI2Freq_Value=192000000
RCC.SDMMCFreq_Value=216000000
RCC.SPDIFRXFreq_Value=192000000
RCC.SYSCLKFreq_VALUE=216000000
RCC.SYSCLKSource=RCC_SYSCLKSOURCE_PLLCLK
RCC.UART4Freq_Value=54000000
RCC.UART5Freq_Value=54000000
RCC.UART7Freq_Value=54000000
RCC.UART8Freq_Value=54000000
RCC.USART1Freq_Value=108000000
RCC.USART2Freq_Value=54000000
RCC.USART3Freq_Value=54000000
RCC.USART6Freq_Value=108000000
RCC.USBFreq_Value=216000000
RCC.VCOI2SOutputFreq_Value=384000000
RCC.VCOInputFreq_Value=2000000
RCC.VCOOutputFreq_Value=432000000
RCC.VCOSAIOutputFreq_Value=384000000
STMicroelectronics.X-CUBE-AI.3.3.0.ApplicationCcArtificialOoIntelligenceJjApplication=Validation
STMicroelectronics.X-CUBE-AI.3.3.0.ArtificialOoIntelligenceJjApplication.cmp_version0=3.3.0
STMicroelectronics.X-CUBE-AI.3.3.0.ArtificialOoIntelligenceJjApplication.component0=Artificial Intelligence
STMicroelectronics.X-CUBE-AI.3.3.0.ArtificialOoIntelligenceJjApplication.description0=AI Application,Validation on Target
STMicroelectronics.X-CUBE-AI.3.3.0.ArtificialOoIntelligenceJjApplication.diagnostic0=This component should operate correctly.
STMicroelectronics.X-CUBE-AI.3.3.0.ArtificialOoIntelligenceJjApplication.documentation0=readme.txt
STMicroelectronics.X-CUBE-AI.3.3.0.ArtificialOoIntelligenceJjApplication.group0=Application
STMicroelectronics.X-CUBE-AI.3.3.0.ArtificialOoIntelligenceJjApplication.paramName0=ApplicationCcArtificialOoIntelligenceJjApplication
STMicroelectronics.X-CUBE-AI.3.3.0.ArtificialOoIntelligenceJjApplication.sevirity0=none
STMicroelectronics.X-CUBE-AI.3.3.0.ArtificialOoIntelligenceJjApplication.variant0=Validation
STMicroelectronics.X-CUBE-AI.3.3.0.ArtificialOoIntelligenceJjApplication_Checked=false
STMicroelectronics.X-CUBE-AI.3.3.0.ArtificialOoIntelligenceJjApplication_bundle=Application
STMicroelectronics.X-CUBE-AI.3.3.0.ArtificialOoIntelligenceJjApplication_class=ArtificialOoIntelligence
STMicroelectronics.X-CUBE-AI.3.3.0.ArtificialOoIntelligenceJjApplication_name=X-CUBE-AI
STMicroelectronics.X-CUBE-AI.3.3.0.ArtificialOoIntelligenceJjApplication_size=1
STMicroelectronics.X-CUBE-AI.3.3.0.ArtificialOoIntelligenceJjApplication_vendor=STMicroelectronics
STMicroelectronics.X-CUBE-AI.3.3.0.ArtificialOoIntelligenceJjApplication_version=3.3.0
STMicroelectronics.X-CUBE-AI.3.3.0.ArtificialOoIntelligenceJjCore.cmp_version0=3.3.0
STMicroelectronics.X-CUBE-AI.3.3.0.ArtificialOoIntelligenceJjCore.component0=Artificial Intelligence
STMicroelectronics.X-CUBE-AI.3.3.0.ArtificialOoIntelligenceJjCore.description0=AI Core,Artificial Intelligence for STM32
STMicroelectronics.X-CUBE-AI.3.3.0.ArtificialOoIntelligenceJjCore.diagnostic0=This component should operate correctly.
STMicroelectronics.X-CUBE-AI.3.3.0.ArtificialOoIntelligenceJjCore.documentation0=readme.txt
STMicroelectronics.X-CUBE-AI.3.3.0.ArtificialOoIntelligenceJjCore.group0=CORE
STMicroelectronics.X-CUBE-AI.3.3.0.ArtificialOoIntelligenceJjCore.paramName0=CoreCcArtificialOoIntelligenceJjCORE
STMicroelectronics.X-CUBE-AI.3.3.0.ArtificialOoIntelligenceJjCore.sevirity0=none
STMicroelectronics.X-CUBE-AI.3.3.0.ArtificialOoIntelligenceJjCore_Checked=false
STMicroelectronics.X-CUBE-AI.3.3.0.ArtificialOoIntelligenceJjCore_bundle=Core
STMicroelectronics.X-CUBE-AI.3.3.0.ArtificialOoIntelligenceJjCore_class=ArtificialOoIntelligence
STMicroelectronics.X-CUBE-AI.3.3.0.ArtificialOoIntelligenceJjCore_name=X-CUBE-AI
STMicroelectronics.X-CUBE-AI.3.3.0.ArtificialOoIntelligenceJjCore_size=1
STMicroelectronics.X-CUBE-AI.3.3.0.ArtificialOoIntelligenceJjCore_vendor=STMicroelectronics
STMicroelectronics.X-CUBE-AI.3.3.0.ArtificialOoIntelligenceJjCore_version=3.3.0
STMicroelectronics.X-CUBE-AI.3.3.0.CoreCcArtificialOoIntelligenceJjCORE=true
STMicroelectronics.X-CUBE-AI.3.3.0.HeapSize=0x2000
STMicroelectronics.X-CUBE-AI.3.3.0.IPParameters=CoreCcArtificialOoIntelligenceJjCORE,ApplicationCcArtificialOoIntelligenceJjApplication,HeapSize,ModelHashList,ModelNameList,ModelCompression-f64686cf3f9c287e3134483d4925da19c181560fef4a8b2add8035479d9ae248,ModelRamOccupation-f64686cf3f9c287e3134483d4925da19c181560fef4a8b2add8035479d9ae248,ModelActualCompression-f64686cf3f9c287e3134483d4925da19c181560fef4a8b2add8035479d9ae248
STMicroelectronics.X-CUBE-AI.3.3.0.ModelActualCompression-f64686cf3f9c287e3134483d4925da19c181560fef4a8b2add8035479d9ae248=0.0
STMicroelectronics.X-CUBE-AI.3.3.0.ModelCompression-f64686cf3f9c287e3134483d4925da19c181560fef4a8b2add8035479d9ae248=0
STMicroelectronics.X-CUBE-AI.3.3.0.ModelHashList=f64686cf3f9c287e3134483d4925da19c181560fef4a8b2add8035479d9ae248
STMicroelectronics.X-CUBE-AI.3.3.0.ModelNameList=network
STMicroelectronics.X-CUBE-AI.3.3.0.ModelRamOccupation-f64686cf3f9c287e3134483d4925da19c181560fef4a8b2add8035479d9ae248=0
STMicroelectronics.X-CUBE-AI.3.3.0_ArtificialOoIntelligenceJjApplication_RteComponent0=\#define AI_VALIDATION
STMicroelectronics.X-CUBE-AI.3.3.0_ArtificialOoIntelligenceJjApplication_RteComponentsize=1
STMicroelectronics.X-CUBE-AI.3.3.0_ArtificialOoIntelligenceJjCore_RteComponentsize=0
STMicroelectronics.X-CUBE-AI.3.3.0_MwName0=Core
STMicroelectronics.X-CUBE-AI.3.3.0_MwName1=Application
STMicroelectronics.X-CUBE-AI.3.3.0_NumberOfMw=2
STMicroelectronics.X-CUBE-AI.3.3.0_SwParameter=CoreCcArtificialOoIntelligenceJjCORE\:true;ApplicationCcArtificialOoIntelligenceJjApplication\:Validation;
STMicroelectronics.X-CUBE-AI.3.3.0_description=Artificial Intelligence
STMicroelectronics.X-CUBE-AI.3.3.0_license=SLA0048.txt
STMicroelectronics.X-CUBE-AI.3.4.0.ApplicationCcArtificialOoIntelligenceJjApplication=ApplicationTemplate
STMicroelectronics.X-CUBE-AI.3.4.0.ArtificialOoIntelligenceJjApplication.cmp_version0=3.4.0
STMicroelectronics.X-CUBE-AI.3.4.0.ArtificialOoIntelligenceJjApplication.component0=Artificial Intelligence
STMicroelectronics.X-CUBE-AI.3.4.0.ArtificialOoIntelligenceJjApplication.description0=AI Application,Application Template
STMicroelectronics.X-CUBE-AI.3.4.0.ArtificialOoIntelligenceJjApplication.diagnostic0=This component should operate correctly.
STMicroelectronics.X-CUBE-AI.3.4.0.ArtificialOoIntelligenceJjApplication.documentation0=readme.txt
STMicroelectronics.X-CUBE-AI.3.4.0.ArtificialOoIntelligenceJjApplication.group0=Application
STMicroelectronics.X-CUBE-AI.3.4.0.ArtificialOoIntelligenceJjApplication.paramName0=ApplicationCcArtificialOoIntelligenceJjApplication
STMicroelectronics.X-CUBE-AI.3.4.0.ArtificialOoIntelligenceJjApplication.sevirity0=none
STMicroelectronics.X-CUBE-AI.3.4.0.ArtificialOoIntelligenceJjApplication.variant0=ApplicationTemplate
STMicroelectronics.X-CUBE-AI.3.4.0.ArtificialOoIntelligenceJjApplication_Checked=true
STMicroelectronics.X-CUBE-AI.3.4.0.ArtificialOoIntelligenceJjApplication_bundle=Application
STMicroelectronics.X-CUBE-AI.3.4.0.ArtificialOoIntelligenceJjApplication_class=ArtificialOoIntelligence
STMicroelectronics.X-CUBE-AI.3.4.0.ArtificialOoIntelligenceJjApplication_name=X-CUBE-AI
STMicroelectronics.X-CUBE-AI.3.4.0.ArtificialOoIntelligenceJjApplication_size=1
STMicroelectronics.X-CUBE-AI.3.4.0.ArtificialOoIntelligenceJjApplication_vendor=STMicroelectronics
STMicroelectronics.X-CUBE-AI.3.4.0.ArtificialOoIntelligenceJjApplication_version=3.4.0
STMicroelectronics.X-CUBE-AI.3.4.0.ArtificialOoIntelligenceJjXAaCUBEAaAI.cmp_version0=3.4.0
STMicroelectronics.X-CUBE-AI.3.4.0.ArtificialOoIntelligenceJjXAaCUBEAaAI.component0=Artificial Intelligence
STMicroelectronics.X-CUBE-AI.3.4.0.ArtificialOoIntelligenceJjXAaCUBEAaAI.description0=AI Core,Artificial Intelligence for STM32
STMicroelectronics.X-CUBE-AI.3.4.0.ArtificialOoIntelligenceJjXAaCUBEAaAI.diagnostic0=This component should operate correctly.
STMicroelectronics.X-CUBE-AI.3.4.0.ArtificialOoIntelligenceJjXAaCUBEAaAI.documentation0=readme.txt
STMicroelectronics.X-CUBE-AI.3.4.0.ArtificialOoIntelligenceJjXAaCUBEAaAI.group0=Core
STMicroelectronics.X-CUBE-AI.3.4.0.ArtificialOoIntelligenceJjXAaCUBEAaAI.paramName0=XAaCUBEAaAICcArtificialOoIntelligenceJjCore
STMicroelectronics.X-CUBE-AI.3.4.0.ArtificialOoIntelligenceJjXAaCUBEAaAI.sevirity0=none
STMicroelectronics.X-CUBE-AI.3.4.0.ArtificialOoIntelligenceJjXAaCUBEAaAI_Checked=true
STMicroelectronics.X-CUBE-AI.3.4.0.ArtificialOoIntelligenceJjXAaCUBEAaAI_bundle=X-CUBE-AI
STMicroelectronics.X-CUBE-AI.3.4.0.ArtificialOoIntelligenceJjXAaCUBEAaAI_class=ArtificialOoIntelligence
STMicroelectronics.X-CUBE-AI.3.4.0.ArtificialOoIntelligenceJjXAaCUBEAaAI_name=X-CUBE-AI
STMicroelectronics.X-CUBE-AI.3.4.0.ArtificialOoIntelligenceJjXAaCUBEAaAI_size=1
STMicroelectronics.X-CUBE-AI.3.4.0.ArtificialOoIntelligenceJjXAaCUBEAaAI_vendor=STMicroelectronics
STMicroelectronics.X-CUBE-AI.3.4.0.ArtificialOoIntelligenceJjXAaCUBEAaAI_version=3.4.0
STMicroelectronics.X-CUBE-AI.3.4.0.BSP.number=1
STMicroelectronics.X-CUBE-AI.3.4.0.HeapSize=0x2000
STMicroelectronics.X-CUBE-AI.3.4.0.IPParameters=XAaCUBEAaAICcArtificialOoIntelligenceJjCore,ApplicationCcArtificialOoIntelligenceJjApplication,ModelHashList,ModelNameList,ModelName-a6afaaa1173bdf4ad01bb3ef7af26dd1a414e821713bbeb5b12b45a9f54b4b9e,ModelActualCompression-a6afaaa1173bdf4ad01bb3ef7af26dd1a414e821713bbeb5b12b45a9f54b4b9e,ModelRamOccupation-a6afaaa1173bdf4ad01bb3ef7af26dd1a414e821713bbeb5b12b45a9f54b4b9e,ModelFlashOccupation-a6afaaa1173bdf4ad01bb3ef7af26dd1a414e821713bbeb5b12b45a9f54b4b9e,ModelMacc-a6afaaa1173bdf4ad01bb3ef7af26dd1a414e821713bbeb5b12b45a9f54b4b9e,ModelStructureFile-a6afaaa1173bdf4ad01bb3ef7af26dd1a414e821713bbeb5b12b45a9f54b4b9e,HeapSize,ModelCompression-a6afaaa1173bdf4ad01bb3ef7af26dd1a414e821713bbeb5b12b45a9f54b4b9e,ModelType-a6afaaa1173bdf4ad01bb3ef7af26dd1a414e821713bbeb5b12b45a9f54b4b9e,ModelKind-a6afaaa1173bdf4ad01bb3ef7af26dd1a414e821713bbeb5b12b45a9f54b4b9e
STMicroelectronics.X-CUBE-AI.3.4.0.ModelActualCompression-a6afaaa1173bdf4ad01bb3ef7af26dd1a414e821713bbeb5b12b45a9f54b4b9e=0.0
STMicroelectronics.X-CUBE-AI.3.4.0.ModelCompression-a6afaaa1173bdf4ad01bb3ef7af26dd1a414e821713bbeb5b12b45a9f54b4b9e=0
STMicroelectronics.X-CUBE-AI.3.4.0.ModelFlashOccupation-a6afaaa1173bdf4ad01bb3ef7af26dd1a414e821713bbeb5b12b45a9f54b4b9e=132
STMicroelectronics.X-CUBE-AI.3.4.0.ModelHashList=a6afaaa1173bdf4ad01bb3ef7af26dd1a414e821713bbeb5b12b45a9f54b4b9e
STMicroelectronics.X-CUBE-AI.3.4.0.ModelKind-a6afaaa1173bdf4ad01bb3ef7af26dd1a414e821713bbeb5b12b45a9f54b4b9e=KERAS
STMicroelectronics.X-CUBE-AI.3.4.0.ModelMacc-a6afaaa1173bdf4ad01bb3ef7af26dd1a414e821713bbeb5b12b45a9f54b4b9e=114
STMicroelectronics.X-CUBE-AI.3.4.0.ModelName-a6afaaa1173bdf4ad01bb3ef7af26dd1a414e821713bbeb5b12b45a9f54b4b9e=xor
STMicroelectronics.X-CUBE-AI.3.4.0.ModelNameList=xor
STMicroelectronics.X-CUBE-AI.3.4.0.ModelRamOccupation-a6afaaa1173bdf4ad01bb3ef7af26dd1a414e821713bbeb5b12b45a9f54b4b9e=40
STMicroelectronics.X-CUBE-AI.3.4.0.ModelStructureFile-a6afaaa1173bdf4ad01bb3ef7af26dd1a414e821713bbeb5b12b45a9f54b4b9e=C\:\\Users\\MEER\\Desktop\\STM32_DL\\my_model.h5
STMicroelectronics.X-CUBE-AI.3.4.0.ModelType-a6afaaa1173bdf4ad01bb3ef7af26dd1a414e821713bbeb5b12b45a9f54b4b9e=Saved model
STMicroelectronics.X-CUBE-AI.3.4.0.XAaCUBEAaAICcArtificialOoIntelligenceJjCore=true
STMicroelectronics.X-CUBE-AI.3.4.00.BSP.STBoard=false
STMicroelectronics.X-CUBE-AI.3.4.00.BSP.api=Unknown
STMicroelectronics.X-CUBE-AI.3.4.00.BSP.component=
STMicroelectronics.X-CUBE-AI.3.4.00.BSP.condition=
STMicroelectronics.X-CUBE-AI.3.4.00.BSP.i2caddr=0
STMicroelectronics.X-CUBE-AI.3.4.00.BSP.i2creg=
STMicroelectronics.X-CUBE-AI.3.4.00.BSP.instance=USART1
STMicroelectronics.X-CUBE-AI.3.4.00.BSP.ip=USART
STMicroelectronics.X-CUBE-AI.3.4.00.BSP.mode=Asynchronous
STMicroelectronics.X-CUBE-AI.3.4.00.BSP.name=COM Port
STMicroelectronics.X-CUBE-AI.3.4.00.BSP.semaphore=
STMicroelectronics.X-CUBE-AI.3.4.00.BSP.solution=USART1
STMicroelectronics.X-CUBE-AI.3.4.0_ArtificialOoIntelligenceJjApplication_RteComponent0=\#define AI_ApplicationTemplate
STMicroelectronics.X-CUBE-AI.3.4.0_ArtificialOoIntelligenceJjApplication_RteComponentsize=1
STMicroelectronics.X-CUBE-AI.3.4.0_ArtificialOoIntelligenceJjXAaCUBEAaAI_RteComponentsize=0
STMicroelectronics.X-CUBE-AI.3.4.0_MwName0=X-CUBE-AI
STMicroelectronics.X-CUBE-AI.3.4.0_MwName1=Application
STMicroelectronics.X-CUBE-AI.3.4.0_NumberOfMw=2
STMicroelectronics.X-CUBE-AI.3.4.0_SwParameter=XAaCUBEAaAICcArtificialOoIntelligenceJjCore\:true;ApplicationCcArtificialOoIntelligenceJjApplication\:ApplicationTemplate;
STMicroelectronics.X-CUBE-AI.3.4.0_description=Artificial Intelligence
STMicroelectronics.X-CUBE-AI.3.4.0_license=SLA0048.txt
USART1.BaudRate=9600
USART1.IPParameters=VirtualMode-Asynchronous,BaudRate
USART1.VirtualMode-Asynchronous=VM_ASYNC
VP_CRC_VS_CRC.Mode=CRC_Activate
VP_CRC_VS_CRC.Signal=CRC_VS_CRC
VP_STMicroelectronics.X-CUBE-AI_VS_ArtificialOoIntelligenceJjApplication_3.4.0.Mode=ArtificialOoIntelligenceJjApplication
VP_STMicroelectronics.X-CUBE-AI_VS_ArtificialOoIntelligenceJjApplication_3.4.0.Signal=STMicroelectronics.X-CUBE-AI_VS_ArtificialOoIntelligenceJjApplication_3.4.0
VP_STMicroelectronics.X-CUBE-AI_VS_ArtificialOoIntelligenceJjXAaCUBEAaAI_3.4.0.Mode=ArtificialOoIntelligenceJjXAaCUBEAaAI
VP_STMicroelectronics.X-CUBE-AI_VS_ArtificialOoIntelligenceJjXAaCUBEAaAI_3.4.0.Signal=STMicroelectronics.X-CUBE-AI_VS_ArtificialOoIntelligenceJjXAaCUBEAaAI_3.4.0
VP_SYS_VS_Systick.Mode=SysTick
VP_SYS_VS_Systick.Signal=SYS_VS_Systick
board=custom
